
Microsoft Visual Studio Solution File, Format Version 12.00
# Visual Studio 15
Project("{FAE04EC0-301F-11D3-BF4B-00C04F79EFBC}") = "Assembly-CSharp", "Assembly-CSharp.csproj", "{5781DCC4-E9F7-B443-054A-A1FD6B92A938}"
EndProject
Project("{FAE04EC0-301F-11D3-BF4B-00C04F79EFBC}") = "SimpleFileBrowser.Runtime", "SimpleFileBrowser.Runtime.csproj", "{886A55EC-6FD0-FF86-267A-75EE54C31CB5}"
EndProject
Global
	GlobalSection(SolutionConfigurationPlatforms) = preSolution
		Debug|Any CPU = Debug|Any CPU
		Release|Any CPU = Release|Any CPU
	EndGlobalSection
	GlobalSection(ProjectConfigurationPlatforms) = postSolution
		{5781DCC4-E9F7-B443-054A-A1FD6B92A938}.Debug|Any CPU.ActiveCfg = Debug|Any CPU
		{5781DCC4-E9F7-B443-054A-A1FD6B92A938}.Debug|Any CPU.Build.0 = Debug|Any CPU
		{5781DCC4-E9F7-B443-054A-A1FD6B92A938}.Release|Any CPU.ActiveCfg = Release|Any CPU
		{5781DCC4-E9F7-B443-054A-A1FD6B92A938}.Release|Any CPU.Build.0 = Release|Any CPU
		{886A55EC-6FD0-FF86-267A-75EE54C31CB5}.Debug|Any CPU.ActiveCfg = Debug|Any CPU
		{886A55EC-6FD0-FF86-267A-75EE54C31CB5}.Debug|Any CPU.Build.0 = Debug|Any CPU
		{886A55EC-6FD0-FF86-267A-75EE54C31CB5}.Release|Any CPU.ActiveCfg = Release|Any CPU
		{886A55EC-6FD0-FF86-267A-75EE54C31CB5}.Release|Any CPU.Build.0 = Release|Any CPU
	EndGlobalSection
	GlobalSection(SolutionProperties) = preSolution
		HideSolutionNode = FALSE
	EndGlobalSection
EndGlobal
